{
  "name": "@tiinex/interop-native",
  "version": "0.1.0",
  "lockfileVersion": 3,
  "requires": true,
  "packages": {
    "": {
      "name": "@tiinex/interop-native",
      "version": "0.1.0",
      "license": "Apache-2.0",
      "engines": {
        "node": ">=22.14"
      },
      "dependencies": {
        "@tiinex/core": "0.1.1"
      },
      "optionalDependencies": {
        "@tiinex/native": "0.1.0"
      }
    },
    "node_modules/@tiinex/core": {
      "version": "0.1.1",
      "resolved": "https://registry.npmjs.org/@tiinex/core/-/core-0.1.1.tgz",
      "license": "Apache-2.0",
      "engines": {
        "node": ">=22.14"
      }
    },
    "node_modules/@tiinex/native": {
      "version": "0.1.0",
      "resolved": "https://registry.npmjs.org/@tiinex/native/-/native-0.1.0.tgz",
      "optional": true,
      "license": "Apache-2.0",
      "engines": {
        "node": ">=22.14"
      }
    }
  }
}
